
Microsoft Visual Studio Solution File, Format Version 12.00
# Visual Studio Version 17
VisualStudioVersion = 17.4.33103.184
MinimumVisualStudioVersion = 10.0.40219.1
Project("{9A19103F-16F7-4668-BE54-9A1E7A4F7556}") = "Gamlauppgifter", "Gamlauppgifter\Gamlauppgifter.csproj", "{FAF23857-0C0C-4776-9A5B-856ECFDCADD7}"
EndProject
Project("{FAE04EC0-301F-11D3-BF4B-00C04F79EFBC}") = "Gammalegg", "Gammalegg\Gammalegg.csproj", "{F5865F4A-2157-4EAB-92F2-E1827AB5BDA1}"
EndProject
Project("{FAE04EC0-301F-11D3-BF4B-00C04F79EFBC}") = "Gammalbil", "Gammalbil\Gammalbil.csproj", "{2D629BD3-19A0-4DCA-8CB5-B426E7D81A04}"
EndProject
Project("{FAE04EC0-301F-11D3-BF4B-00C04F79EFBC}") = "Gammalbil2", "Gammalbil2\Gammalbil2.csproj", "{B692746A-7BD9-4AB6-AB61-0A9ED62A8480}"
EndProject
Global
	GlobalSection(SolutionConfigurationPlatforms) = preSolution
		Debug|Any CPU = Debug|Any CPU
		Release|Any CPU = Release|Any CPU
	EndGlobalSection
	GlobalSection(ProjectConfigurationPlatforms) = postSolution
		{FAF23857-0C0C-4776-9A5B-856ECFDCADD7}.Debug|Any CPU.ActiveCfg = Debug|Any CPU
		{FAF23857-0C0C-4776-9A5B-856ECFDCADD7}.Debug|Any CPU.Build.0 = Debug|Any CPU
		{FAF23857-0C0C-4776-9A5B-856ECFDCADD7}.Release|Any CPU.ActiveCfg = Release|Any CPU
		{FAF23857-0C0C-4776-9A5B-856ECFDCADD7}.Release|Any CPU.Build.0 = Release|Any CPU
		{F5865F4A-2157-4EAB-92F2-E1827AB5BDA1}.Debug|Any CPU.ActiveCfg = Debug|Any CPU
		{F5865F4A-2157-4EAB-92F2-E1827AB5BDA1}.Debug|Any CPU.Build.0 = Debug|Any CPU
		{F5865F4A-2157-4EAB-92F2-E1827AB5BDA1}.Release|Any CPU.ActiveCfg = Release|Any CPU
		{F5865F4A-2157-4EAB-92F2-E1827AB5BDA1}.Release|Any CPU.Build.0 = Release|Any CPU
		{2D629BD3-19A0-4DCA-8CB5-B426E7D81A04}.Debug|Any CPU.ActiveCfg = Debug|Any CPU
		{2D629BD3-19A0-4DCA-8CB5-B426E7D81A04}.Debug|Any CPU.Build.0 = Debug|Any CPU
		{2D629BD3-19A0-4DCA-8CB5-B426E7D81A04}.Release|Any CPU.ActiveCfg = Release|Any CPU
		{2D629BD3-19A0-4DCA-8CB5-B426E7D81A04}.Release|Any CPU.Build.0 = Release|Any CPU
		{B692746A-7BD9-4AB6-AB61-0A9ED62A8480}.Debug|Any CPU.ActiveCfg = Debug|Any CPU
		{B692746A-7BD9-4AB6-AB61-0A9ED62A8480}.Debug|Any CPU.Build.0 = Debug|Any CPU
		{B692746A-7BD9-4AB6-AB61-0A9ED62A8480}.Release|Any CPU.ActiveCfg = Release|Any CPU
		{B692746A-7BD9-4AB6-AB61-0A9ED62A8480}.Release|Any CPU.Build.0 = Release|Any CPU
	EndGlobalSection
	GlobalSection(SolutionProperties) = preSolution
		HideSolutionNode = FALSE
	EndGlobalSection
	GlobalSection(ExtensibilityGlobals) = postSolution
		SolutionGuid = {7082F828-74A9-40B1-B7F9-8A55A7BCF078}
	EndGlobalSection
EndGlobal
